
Microsoft Visual Studio Solution File, Format Version 12.00
# Visual Studio Version 17
VisualStudioVersion = 17.5.33627.172
MinimumVisualStudioVersion = 10.0.40219.1
Project("{FAE04EC0-301F-11D3-BF4B-00C04F79EFBC}") = "CSBookAPI", "CSBookAPI\CSBookAPI.csproj", "{AB774BB9-AD66-4293-96EB-251D9BBD1109}"
EndProject
Global
	GlobalSection(SolutionConfigurationPlatforms) = preSolution
		Debug|Any CPU = Debug|Any CPU
		Release|Any CPU = Release|Any CPU
	EndGlobalSection
	GlobalSection(ProjectConfigurationPlatforms) = postSolution
		{AB774BB9-AD66-4293-96EB-251D9BBD1109}.Debug|Any CPU.ActiveCfg = Debug|Any CPU
		{AB774BB9-AD66-4293-96EB-251D9BBD1109}.Debug|Any CPU.Build.0 = Debug|Any CPU
		{AB774BB9-AD66-4293-96EB-251D9BBD1109}.Release|Any CPU.ActiveCfg = Release|Any CPU
		{AB774BB9-AD66-4293-96EB-251D9BBD1109}.Release|Any CPU.Build.0 = Release|Any CPU
	EndGlobalSection
	GlobalSection(SolutionProperties) = preSolution
		HideSolutionNode = FALSE
	EndGlobalSection
	GlobalSection(ExtensibilityGlobals) = postSolution
		SolutionGuid = {59E66CC4-D329-47E8-81D5-8DA3CC4F97D9}
	EndGlobalSection
EndGlobal
